
Microsoft Visual Studio Solution File, Format Version 12.00
# Visual Studio Version 17
VisualStudioVersion = 17.9.34728.123
MinimumVisualStudioVersion = 10.0.40219.1
Project("{FAE04EC0-301F-11D3-BF4B-00C04F79EFBC}") = "ERPServer.Application", "content\ERPServer.Application\ERPServer.Application.csproj", "{46553679-F60D-4F40-8DAF-9AA3034FAB88}"
EndProject
Project("{FAE04EC0-301F-11D3-BF4B-00C04F79EFBC}") = "ERPServer.Domain", "content\ERPServer.Domain\ERPServer.Domain.csproj", "{B0FE6691-B39C-4834-B53F-76774536689E}"
EndProject
Project("{FAE04EC0-301F-11D3-BF4B-00C04F79EFBC}") = "ERPServer.Infrastructure", "content\ERPServer.Infrastructure\ERPServer.Infrastructure.csproj", "{BFD8E7A0-1876-4A2F-8CC3-42DB34467E38}"
EndProject
Project("{FAE04EC0-301F-11D3-BF4B-00C04F79EFBC}") = "ERPServer.WebAPI", "content\ERPServer.WebAPI\ERPServer.WebAPI.csproj", "{B590CB6E-9912-4BB1-9E1D-71DBD2191AAC}"
EndProject
Global
	GlobalSection(SolutionConfigurationPlatforms) = preSolution
		Debug|Any CPU = Debug|Any CPU
		Release|Any CPU = Release|Any CPU
	EndGlobalSection
	GlobalSection(ProjectConfigurationPlatforms) = postSolution
		{46553679-F60D-4F40-8DAF-9AA3034FAB88}.Debug|Any CPU.ActiveCfg = Debug|Any CPU
		{46553679-F60D-4F40-8DAF-9AA3034FAB88}.Debug|Any CPU.Build.0 = Debug|Any CPU
		{46553679-F60D-4F40-8DAF-9AA3034FAB88}.Release|Any CPU.ActiveCfg = Release|Any CPU
		{46553679-F60D-4F40-8DAF-9AA3034FAB88}.Release|Any CPU.Build.0 = Release|Any CPU
		{B0FE6691-B39C-4834-B53F-76774536689E}.Debug|Any CPU.ActiveCfg = Debug|Any CPU
		{B0FE6691-B39C-4834-B53F-76774536689E}.Debug|Any CPU.Build.0 = Debug|Any CPU
		{B0FE6691-B39C-4834-B53F-76774536689E}.Release|Any CPU.ActiveCfg = Release|Any CPU
		{B0FE6691-B39C-4834-B53F-76774536689E}.Release|Any CPU.Build.0 = Release|Any CPU
		{BFD8E7A0-1876-4A2F-8CC3-42DB34467E38}.Debug|Any CPU.ActiveCfg = Debug|Any CPU
		{BFD8E7A0-1876-4A2F-8CC3-42DB34467E38}.Debug|Any CPU.Build.0 = Debug|Any CPU
		{BFD8E7A0-1876-4A2F-8CC3-42DB34467E38}.Release|Any CPU.ActiveCfg = Release|Any CPU
		{BFD8E7A0-1876-4A2F-8CC3-42DB34467E38}.Release|Any CPU.Build.0 = Release|Any CPU
		{B590CB6E-9912-4BB1-9E1D-71DBD2191AAC}.Debug|Any CPU.ActiveCfg = Debug|Any CPU
		{B590CB6E-9912-4BB1-9E1D-71DBD2191AAC}.Debug|Any CPU.Build.0 = Debug|Any CPU
		{B590CB6E-9912-4BB1-9E1D-71DBD2191AAC}.Release|Any CPU.ActiveCfg = Release|Any CPU
		{B590CB6E-9912-4BB1-9E1D-71DBD2191AAC}.Release|Any CPU.Build.0 = Release|Any CPU
	EndGlobalSection
	GlobalSection(SolutionProperties) = preSolution
		HideSolutionNode = FALSE
	EndGlobalSection
	GlobalSection(ExtensibilityGlobals) = postSolution
		SolutionGuid = {C947EF4A-35B8-4247-9393-BA4D37C04987}
	EndGlobalSection
EndGlobal
